// !$*UTF8*$!
{
	archiveVersion = 1;
	classes = {
	};
	objectVersion = 77;
	objects = {

/* Begin PBXContainerItemProxy section */
		FA376C052DCE4D1D0018F69B /* PBXContainerItemProxy */ = {
			isa = PBXContainerItemProxy;
			containerPortal = FA376BEF2DCE4D1C0018F69B /* Project object */;
			proxyType = 1;
			remoteGlobalIDString = FA376BF62DCE4D1C0018F69B;
			remoteInfo = GitHubViewer;
		};
		FA376C0F2DCE4D1D0018F69B /* PBXContainerItemProxy */ = {
			isa = PBXContainerItemProxy;
			containerPortal = FA376BEF2DCE4D1C0018F69B /* Project object */;
			proxyType = 1;
			remoteGlobalIDString = FA376BF62DCE4D1C0018F69B;
			remoteInfo = GitHubViewer;
		};
/* End PBXContainerItemProxy section */

/* Begin PBXFileReference section */
		FA376BF72DCE4D1C0018F69B /* GitHubViewer.app */ = {isa = PBXFileReference; explicitFileType = wrapper.application; includeInIndex = 0; path = GitHubViewer.app; sourceTree = BUILT_PRODUCTS_DIR; };
		FA376C042DCE4D1D0018F69B /* GitHubViewerTests.xctest */ = {isa = PBXFileReference; explicitFileType = wrapper.cfbundle; includeInIndex = 0; path = GitHubViewerTests.xctest; sourceTree = BUILT_PRODUCTS_DIR; };
		FA376C0E2DCE4D1D0018F69B /* GitHubViewerUITests.xctest */ = {isa = PBXFileReference; explicitFileType = wrapper.cfbundle; includeInIndex = 0; path = GitHubViewerUITests.xctest; sourceTree = BUILT_PRODUCTS_DIR; };
/* End PBXFileReference section */

/* Begin PBXFileSystemSynchronizedBuildFileExceptionSet section */
		FA376C652DCFDB590018F69B /* Exceptions for "GitHubViewer" folder in "GitHubViewer" target */ = {
			isa = PBXFileSystemSynchronizedBuildFileExceptionSet;
			membershipExceptions = (
				Info.plist,
			);
			target = FA376BF62DCE4D1C0018F69B /* GitHubViewer */;
		};
/* End PBXFileSystemSynchronizedBuildFileExceptionSet section */

/* Begin PBXFileSystemSynchronizedRootGroup section */
		FA376BF92DCE4D1C0018F69B /* GitHubViewer */ = {
			isa = PBXFileSystemSynchronizedRootGroup;
			exceptions = (
				FA376C652DCFDB590018F69B /* Exceptions for "GitHubViewer" folder in "GitHubViewer" target */,
			);
			path = GitHubViewer;
			sourceTree = "<group>";
		};
		FA376C072DCE4D1D0018F69B /* GitHubViewerTests */ = {
			isa = PBXFileSystemSynchronizedRootGroup;
			path = GitHubViewerTests;
			sourceTree = "<group>";
		};
		FA376C112DCE4D1D0018F69B /* GitHubViewerUITests */ = {
			isa = PBXFileSystemSynchronizedRootGroup;
			path = GitHubViewerUITests;
			sourceTree = "<group>";
		};
/* End PBXFileSystemSynchronizedRootGroup section */

/* Begin PBXFrameworksBuildPhase section */
		FA376BF42DCE4D1C0018F69B /* Frameworks */ = {
			isa = PBXFrameworksBuildPhase;
			buildActionMask = 2147483647;
			files = (
			);
			runOnlyForDeploymentPostprocessing = 0;
		};
		FA376C012DCE4D1D0018F69B /* Frameworks */ = {
			isa = PBXFrameworksBuildPhase;
			buildActionMask = 2147483647;
			files = (
			);
			runOnlyForDeploymentPostprocessing = 0;
		};
		FA376C0B2DCE4D1D0018F69B /* Frameworks */ = {
			isa = PBXFrameworksBuildPhase;
			buildActionMask = 2147483647;
			files = (
			);
			runOnlyForDeploymentPostprocessing = 0;
		};
/* End PBXFrameworksBuildPhase section */

/* Begin PBXGroup section */
		FA376BEE2DCE4D1C0018F69B = {
			isa = PBXGroup;
			children = (
				FA376BF92DCE4D1C0018F69B /* GitHubViewer */,
				FA376C072DCE4D1D0018F69B /* GitHubViewerTests */,
				FA376C112DCE4D1D0018F69B /* GitHubViewerUITests */,
				FA376BF82DCE4D1C0018F69B /* Products */,
			);
			sourceTree = "<group>";
		};
		FA376BF82DCE4D1C0018F69B /* Products */ = {
			isa = PBXGroup;
			children = (
				FA376BF72DCE4D1C0018F69B /* GitHubViewer.app */,
				FA376C042DCE4D1D0018F69B /* GitHubViewerTests.xctest */,
				FA376C0E2DCE4D1D0018F69B /* GitHubViewerUITests.xctest */,
			);
			name = Products;
			sourceTree = "<group>";
		};
/* End PBXGroup section */

/* Begin PBXNativeTarget section */
		FA376BF62DCE4D1C0018F69B /* GitHubViewer */ = {
			isa = PBXNativeTarget;
			buildConfigurationList = FA376C182DCE4D1D0018F69B /* Build configuration list for PBXNativeTarget "GitHubViewer" */;
			buildPhases = (
				FA376BF32DCE4D1C0018F69B /* Sources */,
				FA376BF42DCE4D1C0018F69B /* Frameworks */,
				FA376BF52DCE4D1C0018F69B /* Resources */,
			);
			buildRules = (
			);
			dependencies = (
				FA376C792DCFF20F0018F69B /* PBXTargetDependency */,
			);
			fileSystemSynchronizedGroups = (
				FA376BF92DCE4D1C0018F69B /* GitHubViewer */,
			);
			name = GitHubViewer;
			packageProductDependencies = (
			);
			productName = GitHubViewer;
			productReference = FA376BF72DCE4D1C0018F69B /* GitHubViewer.app */;
			productType = "com.apple.product-type.application";
		};
		FA376C032DCE4D1D0018F69B /* GitHubViewerTests */ = {
			isa = PBXNativeTarget;
			buildConfigurationList = FA376C1B2DCE4D1D0018F69B /* Build configuration list for PBXNativeTarget "GitHubViewerTests" */;
			buildPhases = (
				FA376C002DCE4D1D0018F69B /* Sources */,
				FA376C012DCE4D1D0018F69B /* Frameworks */,
				FA376C022DCE4D1D0018F69B /* Resources */,
			);
			buildRules = (
			);
			dependencies = (
				FA376C062DCE4D1D0018F69B /* PBXTargetDependency */,
			);
			fileSystemSynchronizedGroups = (
				FA376C072DCE4D1D0018F69B /* GitHubViewerTests */,
			);
			name = GitHubViewerTests;
			packageProductDependencies = (
			);
			productName = GitHubViewerTests;
			productReference = FA376C042DCE4D1D0018F69B /* GitHubViewerTests.xctest */;
			productType = "com.apple.product-type.bundle.unit-test";
		};
		FA376C0D2DCE4D1D0018F69B /* GitHubViewerUITests */ = {
			isa = PBXNativeTarget;
			buildConfigurationList = FA376C1E2DCE4D1D0018F69B /* Build configuration list for PBXNativeTarget "GitHubViewerUITests" */;
			buildPhases = (
				FA376C0A2DCE4D1D0018F69B /* Sources */,
				FA376C0B2DCE4D1D0018F69B /* Frameworks */,
				FA376C0C2DCE4D1D0018F69B /* Resources */,
			);
			buildRules = (
			);
			dependencies = (
				FA376C102DCE4D1D0018F69B /* PBXTargetDependency */,
			);
			fileSystemSynchronizedGroups = (
				FA376C112DCE4D1D0018F69B /* GitHubViewerUITests */,
			);
			name = GitHubViewerUITests;
			packageProductDependencies = (
			);
			productName = GitHubViewerUITests;
			productReference = FA376C0E2DCE4D1D0018F69B /* GitHubViewerUITests.xctest */;
			productType = "com.apple.product-type.bundle.ui-testing";
		};
/* End PBXNativeTarget section */

/* Begin PBXProject section */
		FA376BEF2DCE4D1C0018F69B /* Project object */ = {
			isa = PBXProject;
			attributes = {
				BuildIndependentTargetsInParallel = 1;
				LastSwiftUpdateCheck = 1630;
				LastUpgradeCheck = 1630;
				TargetAttributes = {
					FA376BF62DCE4D1C0018F69B = {
						CreatedOnToolsVersion = 16.3;
					};
					FA376C032DCE4D1D0018F69B = {
						CreatedOnToolsVersion = 16.3;
						TestTargetID = FA376BF62DCE4D1C0018F69B;
					};
					FA376C0D2DCE4D1D0018F69B = {
						CreatedOnToolsVersion = 16.3;
						TestTargetID = FA376BF62DCE4D1C0018F69B;
					};
				};
			};
			buildConfigurationList = FA376BF22DCE4D1C0018F69B /* Build configuration list for PBXProject "GitHubViewer" */;
			developmentRegion = en;
			hasScannedForEncodings = 0;
			knownRegions = (
				en,
				Base,
			);
			mainGroup = FA376BEE2DCE4D1C0018F69B;
			minimizedProjectReferenceProxies = 1;
			packageReferences = (
				FA376C772DCFE9A20018F69B /* XCRemoteSwiftPackageReference "SwiftLintPlugins" */,
			);
			preferredProjectObjectVersion = 77;
			productRefGroup = FA376BF82DCE4D1C0018F69B /* Products */;
			projectDirPath = "";
			projectRoot = "";
			targets = (
				FA376BF62DCE4D1C0018F69B /* GitHubViewer */,
				FA376C032DCE4D1D0018F69B /* GitHubViewerTests */,
				FA376C0D2DCE4D1D0018F69B /* GitHubViewerUITests */,
			);
		};
/* End PBXProject section */

/* Begin PBXResourcesBuildPhase section */
		FA376BF52DCE4D1C0018F69B /* Resources */ = {
			isa = PBXResourcesBuildPhase;
			buildActionMask = 2147483647;
			files = (
			);
			runOnlyForDeploymentPostprocessing = 0;
		};
		FA376C022DCE4D1D0018F69B /* Resources */ = {
			isa = PBXResourcesBuildPhase;
			buildActionMask = 2147483647;
			files = (
			);
			runOnlyForDeploymentPostprocessing = 0;
		};
		FA376C0C2DCE4D1D0018F69B /* Resources */ = {
			isa = PBXResourcesBuildPhase;
			buildActionMask = 2147483647;
			files = (
			);
			runOnlyForDeploymentPostprocessing = 0;
		};
/* End PBXResourcesBuildPhase section */

/* Begin PBXSourcesBuildPhase section */
		FA376BF32DCE4D1C0018F69B /* Sources */ = {
			isa = PBXSourcesBuildPhase;
			buildActionMask = 2147483647;
			files = (
			);
			runOnlyForDeploymentPostprocessing = 0;
		};
		FA376C002DCE4D1D0018F69B /* Sources */ = {
			isa = PBXSourcesBuildPhase;
			buildActionMask = 2147483647;
			files = (
			);
			runOnlyForDeploymentPostprocessing = 0;
		};
		FA376C0A2DCE4D1D0018F69B /* Sources */ = {
			isa = PBXSourcesBuildPhase;
			buildActionMask = 2147483647;
			files = (
			);
			runOnlyForDeploymentPostprocessing = 0;
		};
/* End PBXSourcesBuildPhase section */

/* Begin PBXTargetDependency section */
		FA376C062DCE4D1D0018F69B /* PBXTargetDependency */ = {
			isa = PBXTargetDependency;
			target = FA376BF62DCE4D1C0018F69B /* GitHubViewer */;
			targetProxy = FA376C052DCE4D1D0018F69B /* PBXContainerItemProxy */;
		};
		FA376C102DCE4D1D0018F69B /* PBXTargetDependency */ = {
			isa = PBXTargetDependency;
			target = FA376BF62DCE4D1C0018F69B /* GitHubViewer */;
			targetProxy = FA376C0F2DCE4D1D0018F69B /* PBXContainerItemProxy */;
		};
		FA376C792DCFF20F0018F69B /* PBXTargetDependency */ = {
			isa = PBXTargetDependency;
			productRef = FA376C782DCFF20F0018F69B /* SwiftLintBuildToolPlugin */;
		};
/* End PBXTargetDependency section */

/* Begin XCBuildConfiguration section */
		FA376C162DCE4D1D0018F69B /* Debug */ = {
			isa = XCBuildConfiguration;
			buildSettings = {
				ALWAYS_SEARCH_USER_PATHS = NO;
				ASSETCATALOG_COMPILER_GENERATE_SWIFT_ASSET_SYMBOL_EXTENSIONS = YES;
				CLANG_ANALYZER_NONNULL = YES;
				CLANG_ANALYZER_NUMBER_OBJECT_CONVERSION = YES_AGGRESSIVE;
				CLANG_CXX_LANGUAGE_STANDARD = "gnu++20";
				CLANG_ENABLE_MODULES = YES;
				CLANG_ENABLE_OBJC_ARC = YES;
				CLANG_ENABLE_OBJC_WEAK = YES;
				CLANG_WARN_BLOCK_CAPTURE_AUTORELEASING = YES;
				CLANG_WARN_BOOL_CONVERSION = YES;
				CLANG_WARN_COMMA = YES;
				CLANG_WARN_CONSTANT_CONVERSION = YES;
				CLANG_WARN_DEPRECATED_OBJC_IMPLEMENTATIONS = YES;
				CLANG_WARN_DIRECT_OBJC_ISA_USAGE = YES_ERROR;
				CLANG_WARN_DOCUMENTATION_COMMENTS = YES;
				CLANG_WARN_EMPTY_BODY = YES;
				CLANG_WARN_ENUM_CONVERSION = YES;
				CLANG_WARN_INFINITE_RECURSION = YES;
				CLANG_WARN_INT_CONVERSION = YES;
				CLANG_WARN_NON_LITERAL_NULL_CONVERSION = YES;
				CLANG_WARN_OBJC_IMPLICIT_RETAIN_SELF = YES;
				CLANG_WARN_OBJC_LITERAL_CONVERSION = YES;
				CLANG_WARN_OBJC_ROOT_CLASS = YES_ERROR;
				CLANG_WARN_QUOTED_INCLUDE_IN_FRAMEWORK_HEADER = YES;
				CLANG_WARN_RANGE_LOOP_ANALYSIS = YES;
				CLANG_WARN_STRICT_PROTOTYPES = YES;
				CLANG_WARN_SUSPICIOUS_MOVE = YES;
				CLANG_WARN_UNGUARDED_AVAILABILITY = YES_AGGRESSIVE;
				CLANG_WARN_UNREACHABLE_CODE = YES;
				CLANG_WARN__DUPLICATE_METHOD_MATCH = YES;
				COPY_PHASE_STRIP = NO;
				DEBUG_INFORMATION_FORMAT = dwarf;
				DEVELOPMENT_TEAM = 6BG2ZS4L7S;
				ENABLE_STRICT_OBJC_MSGSEND = YES;
				ENABLE_TESTABILITY = YES;
				ENABLE_USER_SCRIPT_SANDBOXING = YES;
				GCC_C_LANGUAGE_STANDARD = gnu17;
				GCC_DYNAMIC_NO_PIC = NO;
				GCC_NO_COMMON_BLOCKS = YES;
				GCC_OPTIMIZATION_LEVEL = 0;
				GCC_PREPROCESSOR_DEFINITIONS = (
					"DEBUG=1",
					"$(inherited)",
				);
				GCC_WARN_64_TO_32_BIT_CONVERSION = YES;
				GCC_WARN_ABOUT_RETURN_TYPE = YES_ERROR;
				GCC_WARN_UNDECLARED_SELECTOR = YES;
				GCC_WARN_UNINITIALIZED_AUTOS = YES_AGGRESSIVE;
				GCC_WARN_UNUSED_FUNCTION = YES;
				GCC_WARN_UNUSED_VARIABLE = YES;
				IPHONEOS_DEPLOYMENT_TARGET = 18.4;
				LOCALIZATION_PREFERS_STRING_CATALOGS = YES;
				MTL_ENABLE_DEBUG_INFO = INCLUDE_SOURCE;
				MTL_FAST_MATH = YES;
				ONLY_ACTIVE_ARCH = YES;
				SDKROOT = iphoneos;
				SWIFT_ACTIVE_COMPILATION_CONDITIONS = "DEBUG $(inherited)";
				SWIFT_OPTIMIZATION_LEVEL = "-Onone";
			};
			name = Debug;
		};
		FA376C172DCE4D1D0018F69B /* Release */ = {
			isa = XCBuildConfiguration;
			buildSettings = {
				ALWAYS_SEARCH_USER_PATHS = NO;
				ASSETCATALOG_COMPILER_GENERATE_SWIFT_ASSET_SYMBOL_EXTENSIONS = YES;
				CLANG_ANALYZER_NONNULL = YES;
				CLANG_ANALYZER_NUMBER_OBJECT_CONVERSION = YES_AGGRESSIVE;
				CLANG_CXX_LANGUAGE_STANDARD = "gnu++20";
				CLANG_ENABLE_MODULES = YES;
				CLANG_ENABLE_OBJC_ARC = YES;
				CLANG_ENABLE_OBJC_WEAK = YES;
				CLANG_WARN_BLOCK_CAPTURE_AUTORELEASING = YES;
				CLANG_WARN_BOOL_CONVERSION = YES;
				CLANG_WARN_COMMA = YES;
				CLANG_WARN_CONSTANT_CONVERSION = YES;
				CLANG_WARN_DEPRECATED_OBJC_IMPLEMENTATIONS = YES;
				CLANG_WARN_DIRECT_OBJC_ISA_USAGE = YES_ERROR;
				CLANG_WARN_DOCUMENTATION_COMMENTS = YES;
				CLANG_WARN_EMPTY_BODY = YES;
				CLANG_WARN_ENUM_CONVERSION = YES;
				CLANG_WARN_INFINITE_RECURSION = YES;
				CLANG_WARN_INT_CONVERSION = YES;
				CLANG_WARN_NON_LITERAL_NULL_CONVERSION = YES;
				CLANG_WARN_OBJC_IMPLICIT_RETAIN_SELF = YES;
				CLANG_WARN_OBJC_LITERAL_CONVERSION = YES;
				CLANG_WARN_OBJC_ROOT_CLASS = YES_ERROR;
				CLANG_WARN_QUOTED_INCLUDE_IN_FRAMEWORK_HEADER = YES;
				CLANG_WARN_RANGE_LOOP_ANALYSIS = YES;
				CLANG_WARN_STRICT_PROTOTYPES = YES;
				CLANG_WARN_SUSPICIOUS_MOVE = YES;
				CLANG_WARN_UNGUARDED_AVAILABILITY = YES_AGGRESSIVE;
				CLANG_WARN_UNREACHABLE_CODE = YES;
				CLANG_WARN__DUPLICATE_METHOD_MATCH = YES;
				COPY_PHASE_STRIP = NO;
				DEBUG_INFORMATION_FORMAT = "dwarf-with-dsym";
				DEVELOPMENT_TEAM = 6BG2ZS4L7S;
				ENABLE_NS_ASSERTIONS = NO;
				ENABLE_STRICT_OBJC_MSGSEND = YES;
				ENABLE_USER_SCRIPT_SANDBOXING = YES;
				GCC_C_LANGUAGE_STANDARD = gnu17;
				GCC_NO_COMMON_BLOCKS = YES;
				GCC_WARN_64_TO_32_BIT_CONVERSION = YES;
				GCC_WARN_ABOUT_RETURN_TYPE = YES_ERROR;
				GCC_WARN_UNDECLARED_SELECTOR = YES;
				GCC_WARN_UNINITIALIZED_AUTOS = YES_AGGRESSIVE;
				GCC_WARN_UNUSED_FUNCTION = YES;
				GCC_WARN_UNUSED_VARIABLE = YES;
				IPHONEOS_DEPLOYMENT_TARGET = 18.4;
				LOCALIZATION_PREFERS_STRING_CATALOGS = YES;
				MTL_ENABLE_DEBUG_INFO = NO;
				MTL_FAST_MATH = YES;
				SDKROOT = iphoneos;
				SWIFT_COMPILATION_MODE = wholemodule;
				VALIDATE_PRODUCT = YES;
			};
			name = Release;
		};
		FA376C192DCE4D1D0018F69B /* Debug */ = {
			isa = XCBuildConfiguration;
			buildSettings = {
				API_TOKEN = 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;
				ASSETCATALOG_COMPILER_APPICON_NAME = AppIcon;
				ASSETCATALOG_COMPILER_GLOBAL_ACCENT_COLOR_NAME = AccentColor;
				CODE_SIGN_STYLE = Automatic;
				CURRENT_PROJECT_VERSION = 1;
				DEVELOPMENT_TEAM = 6BG2ZS4L7S;
				ENABLE_PREVIEWS = YES;
				GENERATE_INFOPLIST_FILE = YES;
				INFOPLIST_FILE = GitHubViewer/Info.plist;
				INFOPLIST_KEY_UIApplicationSceneManifest_Generation = YES;
				INFOPLIST_KEY_UIApplicationSupportsIndirectInputEvents = YES;
				INFOPLIST_KEY_UILaunchScreen_Generation = YES;
				INFOPLIST_KEY_UISupportedInterfaceOrientations_iPad = "UIInterfaceOrientationPortrait UIInterfaceOrientationPortraitUpsideDown UIInterfaceOrientationLandscapeLeft UIInterfaceOrientationLandscapeRight";
				INFOPLIST_KEY_UISupportedInterfaceOrientations_iPhone = "UIInterfaceOrientationPortrait UIInterfaceOrientationLandscapeLeft UIInterfaceOrientationLandscapeRight";
				LD_RUNPATH_SEARCH_PATHS = (
					"$(inherited)",
					"@executable_path/Frameworks",
				);
				MARKETING_VERSION = 1.0;
				PRODUCT_BUNDLE_IDENTIFIER = com.tucanae.GitHubViewer;
				PRODUCT_NAME = "$(TARGET_NAME)";
				SWIFT_EMIT_LOC_STRINGS = YES;
				SWIFT_VERSION = 5.0;
				TARGETED_DEVICE_FAMILY = "1,2";
			};
			name = Debug;
		};
		FA376C1A2DCE4D1D0018F69B /* Release */ = {
			isa = XCBuildConfiguration;
			buildSettings = {
				API_TOKEN = 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;
				ASSETCATALOG_COMPILER_APPICON_NAME = AppIcon;
				ASSETCATALOG_COMPILER_GLOBAL_ACCENT_COLOR_NAME = AccentColor;
				CODE_SIGN_STYLE = Automatic;
				CURRENT_PROJECT_VERSION = 1;
				DEVELOPMENT_TEAM = 6BG2ZS4L7S;
				ENABLE_PREVIEWS = YES;
				GENERATE_INFOPLIST_FILE = YES;
				INFOPLIST_FILE = GitHubViewer/Info.plist;
				INFOPLIST_KEY_UIApplicationSceneManifest_Generation = YES;
				INFOPLIST_KEY_UIApplicationSupportsIndirectInputEvents = YES;
				INFOPLIST_KEY_UILaunchScreen_Generation = YES;
				INFOPLIST_KEY_UISupportedInterfaceOrientations_iPad = "UIInterfaceOrientationPortrait UIInterfaceOrientationPortraitUpsideDown UIInterfaceOrientationLandscapeLeft UIInterfaceOrientationLandscapeRight";
				INFOPLIST_KEY_UISupportedInterfaceOrientations_iPhone = "UIInterfaceOrientationPortrait UIInterfaceOrientationLandscapeLeft UIInterfaceOrientationLandscapeRight";
				LD_RUNPATH_SEARCH_PATHS = (
					"$(inherited)",
					"@executable_path/Frameworks",
				);
				MARKETING_VERSION = 1.0;
				PRODUCT_BUNDLE_IDENTIFIER = com.tucanae.GitHubViewer;
				PRODUCT_NAME = "$(TARGET_NAME)";
				SWIFT_EMIT_LOC_STRINGS = YES;
				SWIFT_VERSION = 5.0;
				TARGETED_DEVICE_FAMILY = "1,2";
			};
			name = Release;
		};
		FA376C1C2DCE4D1D0018F69B /* Debug */ = {
			isa = XCBuildConfiguration;
			buildSettings = {
				BUNDLE_LOADER = "$(TEST_HOST)";
				CODE_SIGN_STYLE = Automatic;
				CURRENT_PROJECT_VERSION = 1;
				DEVELOPMENT_TEAM = 6BG2ZS4L7S;
				GENERATE_INFOPLIST_FILE = YES;
				IPHONEOS_DEPLOYMENT_TARGET = 18.4;
				MARKETING_VERSION = 1.0;
				PRODUCT_BUNDLE_IDENTIFIER = com.tucanae.GitHubViewerTests;
				PRODUCT_NAME = "$(TARGET_NAME)";
				SWIFT_EMIT_LOC_STRINGS = NO;
				SWIFT_VERSION = 5.0;
				TARGETED_DEVICE_FAMILY = "1,2";
				TEST_HOST = "$(BUILT_PRODUCTS_DIR)/GitHubViewer.app/$(BUNDLE_EXECUTABLE_FOLDER_PATH)/GitHubViewer";
			};
			name = Debug;
		};
		FA376C1D2DCE4D1D0018F69B /* Release */ = {
			isa = XCBuildConfiguration;
			buildSettings = {
				BUNDLE_LOADER = "$(TEST_HOST)";
				CODE_SIGN_STYLE = Automatic;
				CURRENT_PROJECT_VERSION = 1;
				DEVELOPMENT_TEAM = 6BG2ZS4L7S;
				GENERATE_INFOPLIST_FILE = YES;
				IPHONEOS_DEPLOYMENT_TARGET = 18.4;
				MARKETING_VERSION = 1.0;
				PRODUCT_BUNDLE_IDENTIFIER = com.tucanae.GitHubViewerTests;
				PRODUCT_NAME = "$(TARGET_NAME)";
				SWIFT_EMIT_LOC_STRINGS = NO;
				SWIFT_VERSION = 5.0;
				TARGETED_DEVICE_FAMILY = "1,2";
				TEST_HOST = "$(BUILT_PRODUCTS_DIR)/GitHubViewer.app/$(BUNDLE_EXECUTABLE_FOLDER_PATH)/GitHubViewer";
			};
			name = Release;
		};
		FA376C1F2DCE4D1D0018F69B /* Debug */ = {
			isa = XCBuildConfiguration;
			buildSettings = {
				CODE_SIGN_STYLE = Automatic;
				CURRENT_PROJECT_VERSION = 1;
				DEVELOPMENT_TEAM = 6BG2ZS4L7S;
				GENERATE_INFOPLIST_FILE = YES;
				MARKETING_VERSION = 1.0;
				PRODUCT_BUNDLE_IDENTIFIER = com.tucanae.GitHubViewerUITests;
				PRODUCT_NAME = "$(TARGET_NAME)";
				SWIFT_EMIT_LOC_STRINGS = NO;
				SWIFT_VERSION = 5.0;
				TARGETED_DEVICE_FAMILY = "1,2";
				TEST_TARGET_NAME = GitHubViewer;
			};
			name = Debug;
		};
		FA376C202DCE4D1D0018F69B /* Release */ = {
			isa = XCBuildConfiguration;
			buildSettings = {
				CODE_SIGN_STYLE = Automatic;
				CURRENT_PROJECT_VERSION = 1;
				DEVELOPMENT_TEAM = 6BG2ZS4L7S;
				GENERATE_INFOPLIST_FILE = YES;
				MARKETING_VERSION = 1.0;
				PRODUCT_BUNDLE_IDENTIFIER = com.tucanae.GitHubViewerUITests;
				PRODUCT_NAME = "$(TARGET_NAME)";
				SWIFT_EMIT_LOC_STRINGS = NO;
				SWIFT_VERSION = 5.0;
				TARGETED_DEVICE_FAMILY = "1,2";
				TEST_TARGET_NAME = GitHubViewer;
			};
			name = Release;
		};
/* End XCBuildConfiguration section */

/* Begin XCConfigurationList section */
		FA376BF22DCE4D1C0018F69B /* Build configuration list for PBXProject "GitHubViewer" */ = {
			isa = XCConfigurationList;
			buildConfigurations = (
				FA376C162DCE4D1D0018F69B /* Debug */,
				FA376C172DCE4D1D0018F69B /* Release */,
			);
			defaultConfigurationIsVisible = 0;
			defaultConfigurationName = Release;
		};
		FA376C182DCE4D1D0018F69B /* Build configuration list for PBXNativeTarget "GitHubViewer" */ = {
			isa = XCConfigurationList;
			buildConfigurations = (
				FA376C192DCE4D1D0018F69B /* Debug */,
				FA376C1A2DCE4D1D0018F69B /* Release */,
			);
			defaultConfigurationIsVisible = 0;
			defaultConfigurationName = Release;
		};
		FA376C1B2DCE4D1D0018F69B /* Build configuration list for PBXNativeTarget "GitHubViewerTests" */ = {
			isa = XCConfigurationList;
			buildConfigurations = (
				FA376C1C2DCE4D1D0018F69B /* Debug */,
				FA376C1D2DCE4D1D0018F69B /* Release */,
			);
			defaultConfigurationIsVisible = 0;
			defaultConfigurationName = Release;
		};
		FA376C1E2DCE4D1D0018F69B /* Build configuration list for PBXNativeTarget "GitHubViewerUITests" */ = {
			isa = XCConfigurationList;
			buildConfigurations = (
				FA376C1F2DCE4D1D0018F69B /* Debug */,
				FA376C202DCE4D1D0018F69B /* Release */,
			);
			defaultConfigurationIsVisible = 0;
			defaultConfigurationName = Release;
		};
/* End XCConfigurationList section */

/* Begin XCRemoteSwiftPackageReference section */
		FA376C772DCFE9A20018F69B /* XCRemoteSwiftPackageReference "SwiftLintPlugins" */ = {
			isa = XCRemoteSwiftPackageReference;
			repositoryURL = "https://github.com/SimplyDanny/SwiftLintPlugins";
			requirement = {
				kind = upToNextMajorVersion;
				minimumVersion = 0.59.1;
			};
		};
/* End XCRemoteSwiftPackageReference section */

/* Begin XCSwiftPackageProductDependency section */
		FA376C782DCFF20F0018F69B /* SwiftLintBuildToolPlugin */ = {
			isa = XCSwiftPackageProductDependency;
			package = FA376C772DCFE9A20018F69B /* XCRemoteSwiftPackageReference "SwiftLintPlugins" */;
			productName = "plugin:SwiftLintBuildToolPlugin";
		};
/* End XCSwiftPackageProductDependency section */
	};
	rootObject = FA376BEF2DCE4D1C0018F69B /* Project object */;
}
